// !$*UTF8*$!
{
	archiveVersion = 1;
	classes = {
	};
	objectVersion = 50;
	objects = {

/* Begin PBXBuildFile section */
		790D1B2822A06400009619E7 /* AppDelegate.swift in Sources */ = {isa = PBXBuildFile; fileRef = 790D1B2722A06400009619E7 /* AppDelegate.swift */; };
		790D1B2A22A06400009619E7 /* ViewController.swift in Sources */ = {isa = PBXBuildFile; fileRef = 790D1B2922A06400009619E7 /* ViewController.swift */; };
		790D1B2D22A06400009619E7 /* Main.storyboard in Resources */ = {isa = PBXBuildFile; fileRef = 790D1B2B22A06400009619E7 /* Main.storyboard */; };
		790D1B2F22A06401009619E7 /* Assets.xcassets in Resources */ = {isa = PBXBuildFile; fileRef = 790D1B2E22A06401009619E7 /* Assets.xcassets */; };
		790D1B3222A06401009619E7 /* LaunchScreen.storyboard in Resources */ = {isa = PBXBuildFile; fileRef = 790D1B3022A06401009619E7 /* LaunchScreen.storyboard */; };
		790D1B3B22A06444009619E7 /* BooksController.swift in Sources */ = {isa = PBXBuildFile; fileRef = 790D1B3A22A06444009619E7 /* BooksController.swift */; };
		790D1B3D22A06618009619E7 /* CartController.swift in Sources */ = {isa = PBXBuildFile; fileRef = 790D1B3C22A06618009619E7 /* CartController.swift */; };
		790D1B4322A067D5009619E7 /* UIColor+theme.swift in Sources */ = {isa = PBXBuildFile; fileRef = 790D1B4222A067D5009619E7 /* UIColor+theme.swift */; };
		790D1B4522A068BB009619E7 /* MCButton.swift in Sources */ = {isa = PBXBuildFile; fileRef = 790D1B4422A068BB009619E7 /* MCButton.swift */; };
		790D1B4922A06CA2009619E7 /* MCBook.swift in Sources */ = {isa = PBXBuildFile; fileRef = 790D1B4822A06CA2009619E7 /* MCBook.swift */; };
		790D1B4B22A06DBD009619E7 /* BooksController+UITableViewDataSource.swift in Sources */ = {isa = PBXBuildFile; fileRef = 790D1B4A22A06DBD009619E7 /* BooksController+UITableViewDataSource.swift */; };
		790D1B4D22A06DCF009619E7 /* BooksController+UITableViewDelegate.swift in Sources */ = {isa = PBXBuildFile; fileRef = 790D1B4C22A06DCF009619E7 /* BooksController+UITableViewDelegate.swift */; };
		790D1B5122A06EAB009619E7 /* MCBookViewCell.swift in Sources */ = {isa = PBXBuildFile; fileRef = 790D1B5022A06EAB009619E7 /* MCBookViewCell.swift */; };
		790D1B5322A072DB009619E7 /* MCCartViewCell.swift in Sources */ = {isa = PBXBuildFile; fileRef = 790D1B5222A072DB009619E7 /* MCCartViewCell.swift */; };
/* End PBXBuildFile section */

/* Begin PBXFileReference section */
		790D1B2422A06400009619E7 /* IAP-REPO.app */ = {isa = PBXFileReference; explicitFileType = wrapper.application; includeInIndex = 0; path = "IAP-REPO.app"; sourceTree = BUILT_PRODUCTS_DIR; };
		790D1B2722A06400009619E7 /* AppDelegate.swift */ = {isa = PBXFileReference; lastKnownFileType = sourcecode.swift; path = AppDelegate.swift; sourceTree = "<group>"; };
		790D1B2922A06400009619E7 /* ViewController.swift */ = {isa = PBXFileReference; lastKnownFileType = sourcecode.swift; path = ViewController.swift; sourceTree = "<group>"; };
		790D1B2C22A06400009619E7 /* Base */ = {isa = PBXFileReference; lastKnownFileType = file.storyboard; name = Base; path = Base.lproj/Main.storyboard; sourceTree = "<group>"; };
		790D1B2E22A06401009619E7 /* Assets.xcassets */ = {isa = PBXFileReference; lastKnownFileType = folder.assetcatalog; path = Assets.xcassets; sourceTree = "<group>"; };
		790D1B3122A06401009619E7 /* Base */ = {isa = PBXFileReference; lastKnownFileType = file.storyboard; name = Base; path = Base.lproj/LaunchScreen.storyboard; sourceTree = "<group>"; };
		790D1B3322A06401009619E7 /* Info.plist */ = {isa = PBXFileReference; lastKnownFileType = text.plist.xml; path = Info.plist; sourceTree = "<group>"; };
		790D1B3A22A06444009619E7 /* BooksController.swift */ = {isa = PBXFileReference; lastKnownFileType = sourcecode.swift; path = BooksController.swift; sourceTree = "<group>"; };
		790D1B3C22A06618009619E7 /* CartController.swift */ = {isa = PBXFileReference; lastKnownFileType = sourcecode.swift; path = CartController.swift; sourceTree = "<group>"; };
		790D1B4222A067D5009619E7 /* UIColor+theme.swift */ = {isa = PBXFileReference; lastKnownFileType = sourcecode.swift; path = "UIColor+theme.swift"; sourceTree = "<group>"; };
		790D1B4422A068BB009619E7 /* MCButton.swift */ = {isa = PBXFileReference; lastKnownFileType = sourcecode.swift; path = MCButton.swift; sourceTree = "<group>"; };
		790D1B4822A06CA2009619E7 /* MCBook.swift */ = {isa = PBXFileReference; lastKnownFileType = sourcecode.swift; path = MCBook.swift; sourceTree = "<group>"; };
		790D1B4A22A06DBD009619E7 /* BooksController+UITableViewDataSource.swift */ = {isa = PBXFileReference; lastKnownFileType = sourcecode.swift; path = "BooksController+UITableViewDataSource.swift"; sourceTree = "<group>"; };
		790D1B4C22A06DCF009619E7 /* BooksController+UITableViewDelegate.swift */ = {isa = PBXFileReference; lastKnownFileType = sourcecode.swift; path = "BooksController+UITableViewDelegate.swift"; sourceTree = "<group>"; };
		790D1B5022A06EAB009619E7 /* MCBookViewCell.swift */ = {isa = PBXFileReference; lastKnownFileType = sourcecode.swift; path = MCBookViewCell.swift; sourceTree = "<group>"; };
		790D1B5222A072DB009619E7 /* MCCartViewCell.swift */ = {isa = PBXFileReference; lastKnownFileType = sourcecode.swift; path = MCCartViewCell.swift; sourceTree = "<group>"; };
/* End PBXFileReference section */

/* Begin PBXFrameworksBuildPhase section */
		790D1B2122A06400009619E7 /* Frameworks */ = {
			isa = PBXFrameworksBuildPhase;
			buildActionMask = 2147483647;
			files = (
			);
			runOnlyForDeploymentPostprocessing = 0;
		};
/* End PBXFrameworksBuildPhase section */

/* Begin PBXGroup section */
		790D1B1B22A06400009619E7 = {
			isa = PBXGroup;
			children = (
				790D1B2622A06400009619E7 /* IAP-REPO */,
				790D1B2522A06400009619E7 /* Products */,
			);
			sourceTree = "<group>";
		};
		790D1B2522A06400009619E7 /* Products */ = {
			isa = PBXGroup;
			children = (
				790D1B2422A06400009619E7 /* IAP-REPO.app */,
			);
			name = Products;
			sourceTree = "<group>";
		};
		790D1B2622A06400009619E7 /* IAP-REPO */ = {
			isa = PBXGroup;
			children = (
				790D1B4F22A06E93009619E7 /* views */,
				790D1B4122A067C1009619E7 /* extension */,
				790D1B2722A06400009619E7 /* AppDelegate.swift */,
				790D1B2922A06400009619E7 /* ViewController.swift */,
				790D1B2B22A06400009619E7 /* Main.storyboard */,
				790D1B2E22A06401009619E7 /* Assets.xcassets */,
				790D1B3022A06401009619E7 /* LaunchScreen.storyboard */,
				790D1B3322A06401009619E7 /* Info.plist */,
				790D1B3E22A0662D009619E7 /* controllers */,
				790D1B4E22A06DE1009619E7 /* models */,
			);
			path = "IAP-REPO";
			sourceTree = "<group>";
		};
		790D1B3E22A0662D009619E7 /* controllers */ = {
			isa = PBXGroup;
			children = (
				790D1B3C22A06618009619E7 /* CartController.swift */,
				790D1B3A22A06444009619E7 /* BooksController.swift */,
				790D1B4A22A06DBD009619E7 /* BooksController+UITableViewDataSource.swift */,
				790D1B4C22A06DCF009619E7 /* BooksController+UITableViewDelegate.swift */,
			);
			path = controllers;
			sourceTree = "<group>";
		};
		790D1B4122A067C1009619E7 /* extension */ = {
			isa = PBXGroup;
			children = (
				790D1B4222A067D5009619E7 /* UIColor+theme.swift */,
			);
			path = extension;
			sourceTree = "<group>";
		};
		790D1B4E22A06DE1009619E7 /* models */ = {
			isa = PBXGroup;
			children = (
				790D1B4822A06CA2009619E7 /* MCBook.swift */,
			);
			path = models;
			sourceTree = "<group>";
		};
		790D1B4F22A06E93009619E7 /* views */ = {
			isa = PBXGroup;
			children = (
				790D1B4422A068BB009619E7 /* MCButton.swift */,
				790D1B5022A06EAB009619E7 /* MCBookViewCell.swift */,
				790D1B5222A072DB009619E7 /* MCCartViewCell.swift */,
			);
			path = views;
			sourceTree = "<group>";
		};
/* End PBXGroup section */

/* Begin PBXNativeTarget section */
		790D1B2322A06400009619E7 /* IAP-REPO */ = {
			isa = PBXNativeTarget;
			buildConfigurationList = 790D1B3622A06401009619E7 /* Build configuration list for PBXNativeTarget "IAP-REPO" */;
			buildPhases = (
				790D1B2022A06400009619E7 /* Sources */,
				790D1B2122A06400009619E7 /* Frameworks */,
				790D1B2222A06400009619E7 /* Resources */,
			);
			buildRules = (
			);
			dependencies = (
			);
			name = "IAP-REPO";
			productName = "IAP-REPO";
			productReference = 790D1B2422A06400009619E7 /* IAP-REPO.app */;
			productType = "com.apple.product-type.application";
		};
/* End PBXNativeTarget section */

/* Begin PBXProject section */
		790D1B1C22A06400009619E7 /* Project object */ = {
			isa = PBXProject;
			attributes = {
				LastSwiftUpdateCheck = 1020;
				LastUpgradeCheck = 1020;
				ORGANIZATIONNAME = Maxcodes;
				TargetAttributes = {
					790D1B2322A06400009619E7 = {
						CreatedOnToolsVersion = 10.2.1;
					};
				};
			};
			buildConfigurationList = 790D1B1F22A06400009619E7 /* Build configuration list for PBXProject "IAP-REPO" */;
			compatibilityVersion = "Xcode 9.3";
			developmentRegion = en;
			hasScannedForEncodings = 0;
			knownRegions = (
				en,
				Base,
			);
			mainGroup = 790D1B1B22A06400009619E7;
			productRefGroup = 790D1B2522A06400009619E7 /* Products */;
			projectDirPath = "";
			projectRoot = "";
			targets = (
				790D1B2322A06400009619E7 /* IAP-REPO */,
			);
		};
/* End PBXProject section */

/* Begin PBXResourcesBuildPhase section */
		790D1B2222A06400009619E7 /* Resources */ = {
			isa = PBXResourcesBuildPhase;
			buildActionMask = 2147483647;
			files = (
				790D1B3222A06401009619E7 /* LaunchScreen.storyboard in Resources */,
				790D1B2F22A06401009619E7 /* Assets.xcassets in Resources */,
				790D1B2D22A06400009619E7 /* Main.storyboard in Resources */,
			);
			runOnlyForDeploymentPostprocessing = 0;
		};
/* End PBXResourcesBuildPhase section */

/* Begin PBXSourcesBuildPhase section */
		790D1B2022A06400009619E7 /* Sources */ = {
			isa = PBXSourcesBuildPhase;
			buildActionMask = 2147483647;
			files = (
				790D1B4922A06CA2009619E7 /* MCBook.swift in Sources */,
				790D1B3B22A06444009619E7 /* BooksController.swift in Sources */,
				790D1B4522A068BB009619E7 /* MCButton.swift in Sources */,
				790D1B3D22A06618009619E7 /* CartController.swift in Sources */,
				790D1B2A22A06400009619E7 /* ViewController.swift in Sources */,
				790D1B5122A06EAB009619E7 /* MCBookViewCell.swift in Sources */,
				790D1B5322A072DB009619E7 /* MCCartViewCell.swift in Sources */,
				790D1B4322A067D5009619E7 /* UIColor+theme.swift in Sources */,
				790D1B2822A06400009619E7 /* AppDelegate.swift in Sources */,
				790D1B4B22A06DBD009619E7 /* BooksController+UITableViewDataSource.swift in Sources */,
				790D1B4D22A06DCF009619E7 /* BooksController+UITableViewDelegate.swift in Sources */,
			);
			runOnlyForDeploymentPostprocessing = 0;
		};
/* End PBXSourcesBuildPhase section */

/* Begin PBXVariantGroup section */
		790D1B2B22A06400009619E7 /* Main.storyboard */ = {
			isa = PBXVariantGroup;
			children = (
				790D1B2C22A06400009619E7 /* Base */,
			);
			name = Main.storyboard;
			sourceTree = "<group>";
		};
		790D1B3022A06401009619E7 /* LaunchScreen.storyboard */ = {
			isa = PBXVariantGroup;
			children = (
				790D1B3122A06401009619E7 /* Base */,
			);
			name = LaunchScreen.storyboard;
			sourceTree = "<group>";
		};
/* End PBXVariantGroup section */

/* Begin XCBuildConfiguration section */
		790D1B3422A06401009619E7 /* Debug */ = {
			isa = XCBuildConfiguration;
			buildSettings = {
				ALWAYS_SEARCH_USER_PATHS = NO;
				CLANG_ANALYZER_NONNULL = YES;
				CLANG_ANALYZER_NUMBER_OBJECT_CONVERSION = YES_AGGRESSIVE;
				CLANG_CXX_LANGUAGE_STANDARD = "gnu++14";
				CLANG_CXX_LIBRARY = "libc++";
				CLANG_ENABLE_MODULES = YES;
				CLANG_ENABLE_OBJC_ARC = YES;
				CLANG_ENABLE_OBJC_WEAK = YES;
				CLANG_WARN_BLOCK_CAPTURE_AUTORELEASING = YES;
				CLANG_WARN_BOOL_CONVERSION = YES;
				CLANG_WARN_COMMA = YES;
				CLANG_WARN_CONSTANT_CONVERSION = YES;
				CLANG_WARN_DEPRECATED_OBJC_IMPLEMENTATIONS = YES;
				CLANG_WARN_DIRECT_OBJC_ISA_USAGE = YES_ERROR;
				CLANG_WARN_DOCUMENTATION_COMMENTS = YES;
				CLANG_WARN_EMPTY_BODY = YES;
				CLANG_WARN_ENUM_CONVERSION = YES;
				CLANG_WARN_INFINITE_RECURSION = YES;
				CLANG_WARN_INT_CONVERSION = YES;
				CLANG_WARN_NON_LITERAL_NULL_CONVERSION = YES;
				CLANG_WARN_OBJC_IMPLICIT_RETAIN_SELF = YES;
				CLANG_WARN_OBJC_LITERAL_CONVERSION = YES;
				CLANG_WARN_OBJC_ROOT_CLASS = YES_ERROR;
				CLANG_WARN_RANGE_LOOP_ANALYSIS = YES;
				CLANG_WARN_STRICT_PROTOTYPES = YES;
				CLANG_WARN_SUSPICIOUS_MOVE = YES;
				CLANG_WARN_UNGUARDED_AVAILABILITY = YES_AGGRESSIVE;
				CLANG_WARN_UNREACHABLE_CODE = YES;
				CLANG_WARN__DUPLICATE_METHOD_MATCH = YES;
				CODE_SIGN_IDENTITY = "iPhone Developer";
				COPY_PHASE_STRIP = NO;
				DEBUG_INFORMATION_FORMAT = dwarf;
				ENABLE_STRICT_OBJC_MSGSEND = YES;
				ENABLE_TESTABILITY = YES;
				GCC_C_LANGUAGE_STANDARD = gnu11;
				GCC_DYNAMIC_NO_PIC = NO;
				GCC_NO_COMMON_BLOCKS = YES;
				GCC_OPTIMIZATION_LEVEL = 0;
				GCC_PREPROCESSOR_DEFINITIONS = (
					"DEBUG=1",
					"$(inherited)",
				);
				GCC_WARN_64_TO_32_BIT_CONVERSION = YES;
				GCC_WARN_ABOUT_RETURN_TYPE = YES_ERROR;
				GCC_WARN_UNDECLARED_SELECTOR = YES;
				GCC_WARN_UNINITIALIZED_AUTOS = YES_AGGRESSIVE;
				GCC_WARN_UNUSED_FUNCTION = YES;
				GCC_WARN_UNUSED_VARIABLE = YES;
				IPHONEOS_DEPLOYMENT_TARGET = 12.2;
				MTL_ENABLE_DEBUG_INFO = INCLUDE_SOURCE;
				MTL_FAST_MATH = YES;
				ONLY_ACTIVE_ARCH = YES;
				SDKROOT = iphoneos;
				SWIFT_ACTIVE_COMPILATION_CONDITIONS = DEBUG;
				SWIFT_OPTIMIZATION_LEVEL = "-Onone";
			};
			name = Debug;
		};
		790D1B3522A06401009619E7 /* Release */ = {
			isa = XCBuildConfiguration;
			buildSettings = {
				ALWAYS_SEARCH_USER_PATHS = NO;
				CLANG_ANALYZER_NONNULL = YES;
				CLANG_ANALYZER_NUMBER_OBJECT_CONVERSION = YES_AGGRESSIVE;
				CLANG_CXX_LANGUAGE_STANDARD = "gnu++14";
				CLANG_CXX_LIBRARY = "libc++";
				CLANG_ENABLE_MODULES = YES;
				CLANG_ENABLE_OBJC_ARC = YES;
				CLANG_ENABLE_OBJC_WEAK = YES;
				CLANG_WARN_BLOCK_CAPTURE_AUTORELEASING = YES;
				CLANG_WARN_BOOL_CONVERSION = YES;
				CLANG_WARN_COMMA = YES;
				CLANG_WARN_CONSTANT_CONVERSION = YES;
				CLANG_WARN_DEPRECATED_OBJC_IMPLEMENTATIONS = YES;
				CLANG_WARN_DIRECT_OBJC_ISA_USAGE = YES_ERROR;
				CLANG_WARN_DOCUMENTATION_COMMENTS = YES;
				CLANG_WARN_EMPTY_BODY = YES;
				CLANG_WARN_ENUM_CONVERSION = YES;
				CLANG_WARN_INFINITE_RECURSION = YES;
				CLANG_WARN_INT_CONVERSION = YES;
				CLANG_WARN_NON_LITERAL_NULL_CONVERSION = YES;
				CLANG_WARN_OBJC_IMPLICIT_RETAIN_SELF = YES;
				CLANG_WARN_OBJC_LITERAL_CONVERSION = YES;
				CLANG_WARN_OBJC_ROOT_CLASS = YES_ERROR;
				CLANG_WARN_RANGE_LOOP_ANALYSIS = YES;
				CLANG_WARN_STRICT_PROTOTYPES = YES;
				CLANG_WARN_SUSPICIOUS_MOVE = YES;
				CLANG_WARN_UNGUARDED_AVAILABILITY = YES_AGGRESSIVE;
				CLANG_WARN_UNREACHABLE_CODE = YES;
				CLANG_WARN__DUPLICATE_METHOD_MATCH = YES;
				CODE_SIGN_IDENTITY = "iPhone Developer";
				COPY_PHASE_STRIP = NO;
				DEBUG_INFORMATION_FORMAT = "dwarf-with-dsym";
				ENABLE_NS_ASSERTIONS = NO;
				ENABLE_STRICT_OBJC_MSGSEND = YES;
				GCC_C_LANGUAGE_STANDARD = gnu11;
				GCC_NO_COMMON_BLOCKS = YES;
				GCC_WARN_64_TO_32_BIT_CONVERSION = YES;
				GCC_WARN_ABOUT_RETURN_TYPE = YES_ERROR;
				GCC_WARN_UNDECLARED_SELECTOR = YES;
				GCC_WARN_UNINITIALIZED_AUTOS = YES_AGGRESSIVE;
				GCC_WARN_UNUSED_FUNCTION = YES;
				GCC_WARN_UNUSED_VARIABLE = YES;
				IPHONEOS_DEPLOYMENT_TARGET = 12.2;
				MTL_ENABLE_DEBUG_INFO = NO;
				MTL_FAST_MATH = YES;
				SDKROOT = iphoneos;
				SWIFT_COMPILATION_MODE = wholemodule;
				SWIFT_OPTIMIZATION_LEVEL = "-O";
				VALIDATE_PRODUCT = YES;
			};
			name = Release;
		};
		790D1B3722A06401009619E7 /* Debug */ = {
			isa = XCBuildConfiguration;
			buildSettings = {
				ASSETCATALOG_COMPILER_APPICON_NAME = AppIcon;
				CODE_SIGN_STYLE = Automatic;
				DEVELOPMENT_TEAM = VETRU2J3NX;
				INFOPLIST_FILE = "IAP-REPO/Info.plist";
				LD_RUNPATH_SEARCH_PATHS = (
					"$(inherited)",
					"@executable_path/Frameworks",
				);
				PRODUCT_BUNDLE_IDENTIFIER = "com.maxcodes.IAP-REPO";
				PRODUCT_NAME = "$(TARGET_NAME)";
				SWIFT_VERSION = 5.0;
				TARGETED_DEVICE_FAMILY = "1,2";
			};
			name = Debug;
		};
		790D1B3822A06401009619E7 /* Release */ = {
			isa = XCBuildConfiguration;
			buildSettings = {
				ASSETCATALOG_COMPILER_APPICON_NAME = AppIcon;
				CODE_SIGN_STYLE = Automatic;
				DEVELOPMENT_TEAM = VETRU2J3NX;
				INFOPLIST_FILE = "IAP-REPO/Info.plist";
				LD_RUNPATH_SEARCH_PATHS = (
					"$(inherited)",
					"@executable_path/Frameworks",
				);
				PRODUCT_BUNDLE_IDENTIFIER = "com.maxcodes.IAP-REPO";
				PRODUCT_NAME = "$(TARGET_NAME)";
				SWIFT_VERSION = 5.0;
				TARGETED_DEVICE_FAMILY = "1,2";
			};
			name = Release;
		};
/* End XCBuildConfiguration section */

/* Begin XCConfigurationList section */
		790D1B1F22A06400009619E7 /* Build configuration list for PBXProject "IAP-REPO" */ = {
			isa = XCConfigurationList;
			buildConfigurations = (
				790D1B3422A06401009619E7 /* Debug */,
				790D1B3522A06401009619E7 /* Release */,
			);
			defaultConfigurationIsVisible = 0;
			defaultConfigurationName = Release;
		};
		790D1B3622A06401009619E7 /* Build configuration list for PBXNativeTarget "IAP-REPO" */ = {
			isa = XCConfigurationList;
			buildConfigurations = (
				790D1B3722A06401009619E7 /* Debug */,
				790D1B3822A06401009619E7 /* Release */,
			);
			defaultConfigurationIsVisible = 0;
			defaultConfigurationName = Release;
		};
/* End XCConfigurationList section */
	};
	rootObject = 790D1B1C22A06400009619E7 /* Project object */;
}
